
Microsoft Visual Studio Solution File, Format Version 12.00
# Visual Studio Version 17
VisualStudioVersion = 17.5.33530.505
MinimumVisualStudioVersion = 10.0.40219.1
Project("{FAE04EC0-301F-11D3-BF4B-00C04F79EFBC}") = "Day11prac", "Day11prac\Day11prac.csproj", "{B142C31B-86D5-410D-93B3-D24F93F968A7}"
EndProject
Global
	GlobalSection(SolutionConfigurationPlatforms) = preSolution
		Debug|Any CPU = Debug|Any CPU
		Release|Any CPU = Release|Any CPU
	EndGlobalSection
	GlobalSection(ProjectConfigurationPlatforms) = postSolution
		{B142C31B-86D5-410D-93B3-D24F93F968A7}.Debug|Any CPU.ActiveCfg = Debug|Any CPU
		{B142C31B-86D5-410D-93B3-D24F93F968A7}.Debug|Any CPU.Build.0 = Debug|Any CPU
		{B142C31B-86D5-410D-93B3-D24F93F968A7}.Release|Any CPU.ActiveCfg = Release|Any CPU
		{B142C31B-86D5-410D-93B3-D24F93F968A7}.Release|Any CPU.Build.0 = Release|Any CPU
	EndGlobalSection
	GlobalSection(SolutionProperties) = preSolution
		HideSolutionNode = FALSE
	EndGlobalSection
	GlobalSection(ExtensibilityGlobals) = postSolution
		SolutionGuid = {DCC2AC86-0D92-4290-8050-C8DE2429D24B}
	EndGlobalSection
EndGlobal
